
Microsoft Visual Studio Solution File, Format Version 12.00
# Visual Studio Version 17
VisualStudioVersion = 17.8.34511.84
MinimumVisualStudioVersion = 10.0.40219.1
Project("{9A19103F-16F7-4668-BE54-9A1E7A4F7556}") = "DevelopmentProject", "DevelopmentProject.csproj", "{5278152B-20A2-43C4-B4DB-3A8251FCC68B}"
EndProject
Project("{9A19103F-16F7-4668-BE54-9A1E7A4F7556}") = "DevelopmentProject.Desktop", "..\DevelopmentProject.Desktop\DevelopmentProject.Desktop.csproj", "{60EC75AF-EF44-452A-8E8A-2632243CD9A0}"
EndProject
Project("{F2A71F9B-5D33-465A-A702-920D77279786}") = "FSharpLibrary", "..\F#Library\FSharpLibrary.fsproj", "{EA6B03FA-723B-4897-A041-A0C8B7FD9D7C}"
EndProject
Global
	GlobalSection(SolutionConfigurationPlatforms) = preSolution
		Debug|Any CPU = Debug|Any CPU
		Release|Any CPU = Release|Any CPU
	EndGlobalSection
	GlobalSection(ProjectConfigurationPlatforms) = postSolution
		{5278152B-20A2-43C4-B4DB-3A8251FCC68B}.Debug|Any CPU.ActiveCfg = Debug|Any CPU
		{5278152B-20A2-43C4-B4DB-3A8251FCC68B}.Debug|Any CPU.Build.0 = Debug|Any CPU
		{5278152B-20A2-43C4-B4DB-3A8251FCC68B}.Release|Any CPU.ActiveCfg = Release|Any CPU
		{5278152B-20A2-43C4-B4DB-3A8251FCC68B}.Release|Any CPU.Build.0 = Release|Any CPU
		{60EC75AF-EF44-452A-8E8A-2632243CD9A0}.Debug|Any CPU.ActiveCfg = Debug|Any CPU
		{60EC75AF-EF44-452A-8E8A-2632243CD9A0}.Debug|Any CPU.Build.0 = Debug|Any CPU
		{60EC75AF-EF44-452A-8E8A-2632243CD9A0}.Release|Any CPU.ActiveCfg = Release|Any CPU
		{60EC75AF-EF44-452A-8E8A-2632243CD9A0}.Release|Any CPU.Build.0 = Release|Any CPU
		{EA6B03FA-723B-4897-A041-A0C8B7FD9D7C}.Debug|Any CPU.ActiveCfg = Debug|Any CPU
		{EA6B03FA-723B-4897-A041-A0C8B7FD9D7C}.Debug|Any CPU.Build.0 = Debug|Any CPU
		{EA6B03FA-723B-4897-A041-A0C8B7FD9D7C}.Release|Any CPU.ActiveCfg = Release|Any CPU
		{EA6B03FA-723B-4897-A041-A0C8B7FD9D7C}.Release|Any CPU.Build.0 = Release|Any CPU
	EndGlobalSection
	GlobalSection(SolutionProperties) = preSolution
		HideSolutionNode = FALSE
	EndGlobalSection
	GlobalSection(ExtensibilityGlobals) = postSolution
		SolutionGuid = {B06E13F5-ECD5-4A0D-ACCB-9944CD9C99AD}
	EndGlobalSection
EndGlobal
